
Microsoft Visual Studio Solution File, Format Version 12.00
# Visual Studio Version 17
VisualStudioVersion = 17.5.33516.290
MinimumVisualStudioVersion = 10.0.40219.1
Project("{8BC9CEB8-8B4A-11D0-8D11-00A0C91BC942}") = "FactorioBlueprints", "FactorioBlueprints\FactorioBlueprints.vcxproj", "{A83AE042-47AB-4305-8731-9D0234B59A87}"
EndProject
Global
	GlobalSection(SolutionConfigurationPlatforms) = preSolution
		Debug|x64 = Debug|x64
		Debug|x86 = Debug|x86
		Release|x64 = Release|x64
		Release|x86 = Release|x86
	EndGlobalSection
	GlobalSection(ProjectConfigurationPlatforms) = postSolution
		{A83AE042-47AB-4305-8731-9D0234B59A87}.Debug|x64.ActiveCfg = Debug|x64
		{A83AE042-47AB-4305-8731-9D0234B59A87}.Debug|x64.Build.0 = Debug|x64
		{A83AE042-47AB-4305-8731-9D0234B59A87}.Debug|x86.ActiveCfg = Debug|Win32
		{A83AE042-47AB-4305-8731-9D0234B59A87}.Debug|x86.Build.0 = Debug|Win32
		{A83AE042-47AB-4305-8731-9D0234B59A87}.Release|x64.ActiveCfg = Release|x64
		{A83AE042-47AB-4305-8731-9D0234B59A87}.Release|x64.Build.0 = Release|x64
		{A83AE042-47AB-4305-8731-9D0234B59A87}.Release|x86.ActiveCfg = Release|Win32
		{A83AE042-47AB-4305-8731-9D0234B59A87}.Release|x86.Build.0 = Release|Win32
	EndGlobalSection
	GlobalSection(SolutionProperties) = preSolution
		HideSolutionNode = FALSE
	EndGlobalSection
	GlobalSection(ExtensibilityGlobals) = postSolution
		SolutionGuid = {CC2E78E2-B054-4803-B452-BE0C1795E347}
	EndGlobalSection
EndGlobal
